
Microsoft Visual Studio Solution File, Format Version 12.00
# Visual Studio Version 16
VisualStudioVersion = 16.0.33130.400
MinimumVisualStudioVersion = 10.0.40219.1
Project("{FAE04EC0-301F-11D3-BF4B-00C04F79EFBC}") = "pr12_4", "pr12_4.csproj", "{7DF3ED1F-4612-4DE0-AC7E-46F6588773D5}"
EndProject
Global
	GlobalSection(SolutionConfigurationPlatforms) = preSolution
		Debug|Any CPU = Debug|Any CPU
		Release|Any CPU = Release|Any CPU
	EndGlobalSection
	GlobalSection(ProjectConfigurationPlatforms) = postSolution
		{7DF3ED1F-4612-4DE0-AC7E-46F6588773D5}.Debug|Any CPU.ActiveCfg = Debug|Any CPU
		{7DF3ED1F-4612-4DE0-AC7E-46F6588773D5}.Debug|Any CPU.Build.0 = Debug|Any CPU
		{7DF3ED1F-4612-4DE0-AC7E-46F6588773D5}.Release|Any CPU.ActiveCfg = Release|Any CPU
		{7DF3ED1F-4612-4DE0-AC7E-46F6588773D5}.Release|Any CPU.Build.0 = Release|Any CPU
	EndGlobalSection
	GlobalSection(SolutionProperties) = preSolution
		HideSolutionNode = FALSE
	EndGlobalSection
	GlobalSection(ExtensibilityGlobals) = postSolution
		SolutionGuid = {F17C90CF-2C06-4AAF-BAE6-DB3F171A2B47}
	EndGlobalSection
EndGlobal
